
Microsoft Visual Studio Solution File, Format Version 12.00
# Visual Studio 15
VisualStudioVersion = 15.0.26403.7
MinimumVisualStudioVersion = 10.0.40219.1
Project("{FAE04EC0-301F-11D3-BF4B-00C04F79EFBC}") = "VierGewinnt", "ConsoleApp33\VierGewinnt.csproj", "{64EB8126-1897-4A99-8E63-0B03A3E8EE8C}"
EndProject
Project("{2150E333-8FDC-42A3-9474-1A3956D46DE8}") = "Solution Items", "Solution Items", "{22547C23-E5E5-45D8-9570-8C911EC0BE8A}"
	ProjectSection(SolutionItems) = preProject
		Class1.cs = Class1.cs
	EndProjectSection
EndProject
Global
	GlobalSection(SolutionConfigurationPlatforms) = preSolution
		Debug|Any CPU = Debug|Any CPU
		Release|Any CPU = Release|Any CPU
	EndGlobalSection
	GlobalSection(ProjectConfigurationPlatforms) = postSolution
		{64EB8126-1897-4A99-8E63-0B03A3E8EE8C}.Debug|Any CPU.ActiveCfg = Debug|Any CPU
		{64EB8126-1897-4A99-8E63-0B03A3E8EE8C}.Debug|Any CPU.Build.0 = Debug|Any CPU
		{64EB8126-1897-4A99-8E63-0B03A3E8EE8C}.Release|Any CPU.ActiveCfg = Release|Any CPU
		{64EB8126-1897-4A99-8E63-0B03A3E8EE8C}.Release|Any CPU.Build.0 = Release|Any CPU
	EndGlobalSection
	GlobalSection(SolutionProperties) = preSolution
		HideSolutionNode = FALSE
	EndGlobalSection
EndGlobal
